
// !$*UTF8*$!
{
	archiveVersion = 1;
	classes = {
	};
	objectVersion = 50;
	objects = {

/* Begin PBXBuildFile section */
		456DA1B623CF817700363BD9 /* AppDelegate.swift in Sources */ = {isa = PBXBuildFile; fileRef = 456DA1B523CF817700363BD9 /* AppDelegate.swift */; };
		456DA1B823CF817700363BD9 /* SceneDelegate.swift in Sources */ = {isa = PBXBuildFile; fileRef = 456DA1B723CF817700363BD9 /* SceneDelegate.swift */; };
		456DA1BA23CF817700363BD9 /* ViewController.swift in Sources */ = {isa = PBXBuildFile; fileRef = 456DA1B923CF817700363BD9 /* ViewController.swift */; };
		456DA1BD23CF817700363BD9 /* Main.storyboard in Resources */ = {isa = PBXBuildFile; fileRef = 456DA1BB23CF817700363BD9 /* Main.storyboard */; };
		456DA1BF23CF817800363BD9 /* Assets.xcassets in Resources */ = {isa = PBXBuildFile; fileRef = 456DA1BE23CF817800363BD9 /* Assets.xcassets */; };
		456DA1C223CF817800363BD9 /* LaunchScreen.storyboard in Resources */ = {isa = PBXBuildFile; fileRef = 456DA1C023CF817800363BD9 /* LaunchScreen.storyboard */; };
		456DA1CA23CF818A00363BD9 /* DeepLabV3.mlmodel in Sources */ = {isa = PBXBuildFile; fileRef = 456DA1C923CF818A00363BD9 /* DeepLabV3.mlmodel */; };
		456DA1CC23CF822A00363BD9 /* UIImage+Segmentation.swift in Sources */ = {isa = PBXBuildFile; fileRef = 456DA1CB23CF822A00363BD9 /* UIImage+Segmentation.swift */; };
		456DA1CE23CF825500363BD9 /* GreySegmentFilter.swift in Sources */ = {isa = PBXBuildFile; fileRef = 456DA1CD23CF825500363BD9 /* GreySegmentFilter.swift */; };
		456DA1D023CF82A800363BD9 /* test.jpg in Resources */ = {isa = PBXBuildFile; fileRef = 456DA1CF23CF82A800363BD9 /* test.jpg */; };
/* End PBXBuildFile section */

/* Begin PBXFileReference section */
		456DA1B223CF817700363BD9 /* DeepLab-xcode.app */ = {isa = PBXFileReference; explicitFileType = wrapper.application; includeInIndex = 0; path = "DeepLab-xcode.app"; sourceTree = BUILT_PRODUCTS_DIR; };
		456DA1B523CF817700363BD9 /* AppDelegate.swift */ = {isa = PBXFileReference; lastKnownFileType = sourcecode.swift; path = AppDelegate.swift; sourceTree = "<group>"; };
		456DA1B723CF817700363BD9 /* SceneDelegate.swift */ = {isa = PBXFileReference; lastKnownFileType = sourcecode.swift; path = SceneDelegate.swift; sourceTree = "<group>"; };
		456DA1B923CF817700363BD9 /* ViewController.swift */ = {isa = PBXFileReference; lastKnownFileType = sourcecode.swift; path = ViewController.swift; sourceTree = "<group>"; };
		456DA1BC23CF817700363BD9 /* Base */ = {isa = PBXFileReference; lastKnownFileType = file.storyboard; name = Base; path = Base.lproj/Main.storyboard; sourceTree = "<group>"; };
		456DA1BE23CF817800363BD9 /* Assets.xcassets */ = {isa = PBXFileReference; lastKnownFileType = folder.assetcatalog; path = Assets.xcassets; sourceTree = "<group>"; };
		456DA1C123CF817800363BD9 /* Base */ = {isa = PBXFileReference; lastKnownFileType = file.storyboard; name = Base; path = Base.lproj/LaunchScreen.storyboard; sourceTree = "<group>"; };
		456DA1C323CF817800363BD9 /* Info.plist */ = {isa = PBXFileReference; lastKnownFileType = text.plist.xml; path = Info.plist; sourceTree = "<group>"; };
		456DA1C923CF818A00363BD9 /* DeepLabV3.mlmodel */ = {isa = PBXFileReference; lastKnownFileType = file.mlmodel; path = DeepLabV3.mlmodel; sourceTree = "<group>"; };
		456DA1CB23CF822A00363BD9 /* UIImage+Segmentation.swift */ = {isa = PBXFileReference; lastKnownFileType = sourcecode.swift; path = "UIImage+Segmentation.swift"; sourceTree = "<group>"; };
		456DA1CD23CF825500363BD9 /* GreySegmentFilter.swift */ = {isa = PBXFileReference; lastKnownFileType = sourcecode.swift; path = GreySegmentFilter.swift; sourceTree = "<group>"; };
		456DA1CF23CF82A800363BD9 /* test.jpg */ = {isa = PBXFileReference; lastKnownFileType = image.jpeg; path = test.jpg; sourceTree = "<group>"; };
/* End PBXFileReference section */

/* Begin PBXFrameworksBuildPhase section */
		456DA1AF23CF817700363BD9 /* Frameworks */ = {
			isa = PBXFrameworksBuildPhase;
			buildActionMask = 2147483647;
			files = (
			);
			runOnlyForDeploymentPostprocessing = 0;
		};
/* End PBXFrameworksBuildPhase section */

/* Begin PBXGroup section */
		456DA1A923CF817600363BD9 = {
			isa = PBXGroup;
			children = (
				456DA1B423CF817700363BD9 /* DeepLab-xcode */,
				456DA1B323CF817700363BD9 /* Products */,
			);
			sourceTree = "<group>";
		};
		456DA1B323CF817700363BD9 /* Products */ = {
			isa = PBXGroup;
			children = (
				456DA1B223CF817700363BD9 /* DeepLab-xcode.app */,
			);
			name = Products;
			sourceTree = "<group>";
		};
		456DA1B423CF817700363BD9 /* DeepLab-xcode */ = {
			isa = PBXGroup;
			children = (
				456DA1B523CF817700363BD9 /* AppDelegate.swift */,
				456DA1B723CF817700363BD9 /* SceneDelegate.swift */,
				456DA1B923CF817700363BD9 /* ViewController.swift */,
				456DA1C923CF818A00363BD9 /* DeepLabV3.mlmodel */,
				456DA1BB23CF817700363BD9 /* Main.storyboard */,
				456DA1BE23CF817800363BD9 /* Assets.xcassets */,
				456DA1C023CF817800363BD9 /* LaunchScreen.storyboard */,
				456DA1CF23CF82A800363BD9 /* test.jpg */,
				456DA1C323CF817800363BD9 /* Info.plist */,
				456DA1CB23CF822A00363BD9 /* UIImage+Segmentation.swift */,
				456DA1CD23CF825500363BD9 /* GreySegmentFilter.swift */,
			);
			path = "DeepLab-xcode";
			sourceTree = "<group>";
		};
/* End PBXGroup section */

/* Begin PBXNativeTarget section */
		456DA1B123CF817700363BD9 /* DeepLab-xcode */ = {
			isa = PBXNativeTarget;
			buildConfigurationList = 456DA1C623CF817800363BD9 /* Build configuration list for PBXNativeTarget "DeepLab-xcode" */;
			buildPhases = (
				456DA1AE23CF817700363BD9 /* Sources */,
				456DA1AF23CF817700363BD9 /* Frameworks */,
				456DA1B023CF817700363BD9 /* Resources */,
			);
			buildRules = (
			);
			dependencies = (
			);
			name = "DeepLab-xcode";
			productName = "DeepLab-xcode";
			productReference = 456DA1B223CF817700363BD9 /* DeepLab-xcode.app */;
			productType = "com.apple.product-type.application";
		};
/* End PBXNativeTarget section */

/* Begin PBXProject section */
		456DA1AA23CF817600363BD9 /* Project object */ = {
			isa = PBXProject;
			attributes = {
				LastSwiftUpdateCheck = 1110;
				LastUpgradeCheck = 1110;
				ORGANIZATIONNAME = "Lambda School";
				TargetAttributes = {
					456DA1B123CF817700363BD9 = {
						CreatedOnToolsVersion = 11.1;
					};
				};
			};
			buildConfigurationList = 456DA1AD23CF817600363BD9 /* Build configuration list for PBXProject "DeepLab-xcode" */;
			compatibilityVersion = "Xcode 9.3";
			developmentRegion = en;
			hasScannedForEncodings = 0;
			knownRegions = (
				en,
				Base,
			);
			mainGroup = 456DA1A923CF817600363BD9;
			productRefGroup = 456DA1B323CF817700363BD9 /* Products */;
			projectDirPath = "";
			projectRoot = "";
			targets = (
				456DA1B123CF817700363BD9 /* DeepLab-xcode */,
			);
		};
/* End PBXProject section */

/* Begin PBXResourcesBuildPhase section */
		456DA1B023CF817700363BD9 /* Resources */ = {
			isa = PBXResourcesBuildPhase;
			buildActionMask = 2147483647;
			files = (
				456DA1C223CF817800363BD9 /* LaunchScreen.storyboard in Resources */,
				456DA1BF23CF817800363BD9 /* Assets.xcassets in Resources */,
				456DA1BD23CF817700363BD9 /* Main.storyboard in Resources */,
				456DA1D023CF82A800363BD9 /* test.jpg in Resources */,
			);
			runOnlyForDeploymentPostprocessing = 0;
		};
/* End PBXResourcesBuildPhase section */

/* Begin PBXSourcesBuildPhase section */
		456DA1AE23CF817700363BD9 /* Sources */ = {