
// !$*UTF8*$!
{
	archiveVersion = 1;
	classes = {
	};
	objectVersion = 50;
	objects = {

/* Begin PBXBuildFile section */
		456DA1B623CF817700363BD9 /* AppDelegate.swift in Sources */ = {isa = PBXBuildFile; fileRef = 456DA1B523CF817700363BD9 /* AppDelegate.swift */; };
		456DA1B823CF817700363BD9 /* SceneDelegate.swift in Sources */ = {isa = PBXBuildFile; fileRef = 456DA1B723CF817700363BD9 /* SceneDelegate.swift */; };